// !$*UTF8*$!
{
	archiveVersion = 1;
	classes = {
	};
	objectVersion = 46;
	objects = {

/* Begin PBXFileReference section */
		EAA2CC3813B1542400CE3236 /* control */ = {isa = PBXFileReference; lastKnownFileType = text; path = control; sourceTree = "<group>"; };
		EAA2CC3913B1542400CE3236 /* Makefile */ = {isa = PBXFileReference; lastKnownFileType = sourcecode.make; path = Makefile; sourceTree = "<group>"; };
		EAA2CC3A13B1542400CE3236 /* theos */ = {isa = PBXFileReference; lastKnownFileType = folder; path = theos; sourceTree = "<group>"; };
		EAA2CC3B13B1542400CE3236 /* uicore.mm */ = {isa = PBXFileReference; lastKnownFileType = sourcecode.cpp.objcpp; path = uicore.mm; sourceTree = "<group>"; };
/* End PBXFileReference section */

/* Begin PBXGroup section */
		EAA2CC3013B1542100CE3236 = {
			isa = PBXGroup;
			children = (
				EAA2CC3813B1542400CE3236 /* control */,
				EAA2CC3913B1542400CE3236 /* Makefile */,
				EAA2CC3A13B1542400CE3236 /* theos */,
				EAA2CC3B13B1542400CE3236 /* uicore.mm */,
			);
			sourceTree = "<group>";
		};
/* End PBXGroup section */

/* Begin PBXLegacyTarget section */
		EAA2CC3713B1542400CE3236 /* uicore */ = {
			isa = PBXLegacyTarget;
			buildArgumentsString = "$(ACTION)";
			buildConfigurationList = EAA2CC3C13B1542400CE3236 /* Build configuration list for PBXLegacyTarget "uicore" */;
			buildPhases = (
			);
			buildToolPath = /usr/bin/make;
			buildWorkingDirectory = /Users/qwertyoruiop/Desktop/uisettingsios5/uicore;
			dependencies = (
			);
			name = uicore;
			passBuildSettingsInEnvironment = 1;
			productName = uicore;
		};
/* End PBXLegacyTarget section */

/* Begin PBXProject section */
		EAA2CC3213B1542400CE3236 /* Project object */ = {
			isa = PBXProject;
			buildConfigurationList = EAA2CC3513B1542400CE3236 /* Build configuration list for PBXProject "uicore" */;
			compatibilityVersion = "Xcode 3.2";
			developmentRegion = English;
			hasScannedForEncodings = 0;
			knownRegions = (
				en,
			);
			mainGroup = EAA2CC3013B1542100CE3236;
			projectDirPath = "";
			projectRoot = "";
			targets = (
				EAA2CC3713B1542400CE3236 /* uicore */,
			);
		};
/* End PBXProject section */

/* Begin XCBuildConfiguration section */
		EAA2CC3313B1542400CE3236 /* Debug */ = {
			isa = XCBuildConfiguration;
			buildSettings = {
				ARCHS = "$(ARCHS_STANDARD_32_BIT)";
				COPY_PHASE_STRIP = NO;
				GCC_WARN_ABOUT_RETURN_TYPE = YES;
				GCC_WARN_UNUSED_VARIABLE = YES;
				ONLY_ACTIVE_ARCH = YES;
				SDKROOT = macosx10.6;
			};
			name = Debug;
		};
		EAA2CC3413B1542400CE3236 /* Release */ = {
			isa = XCBuildConfiguration;
			buildSettings = {
				ARCHS = "$(ARCHS_STANDARD_32_BIT)";
				COPY_PHASE_STRIP = YES;
				GCC_WARN_ABOUT_RETURN_TYPE = YES;
				GCC_WARN_UNUSED_VARIABLE = YES;
				SDKROOT = macosx10.6;
			};
			name = Release;
		};
		EAA2CC3D13B1542400CE3236 /* Debug */ = {
			isa = XCBuildConfiguration;
			buildSettings = {
				COPY_PHASE_STRIP = NO;
				DEBUGGING_SYMBOLS = YES;
				GCC_DYNAMIC_NO_PIC = NO;
				GCC_ENABLE_FIX_AND_CONTINUE = YES;
				GCC_GENERATE_DEBUGGING_SYMBOLS = YES;
				GCC_OPTIMIZATION_LEVEL = 0;
				OTHER_CFLAGS = "";
				OTHER_LDFLAGS = "";
				PRODUCT_NAME = uicore;
			};
			name = Debug;
		};
		EAA2CC3E13B1542400CE3236 /* Release */ = {
			isa = XCBuildConfiguration;
			buildSettings = {
				COPY_PHASE_STRIP = YES;
				DEBUG_INFORMATION_FORMAT = "dwarf-with-dsym";
				GCC_ENABLE_FIX_AND_CONTINUE = NO;
				OTHER_CFLAGS = "";
				OTHER_LDFLAGS = "";
				PRODUCT_NAME = uicore;
			};
			name = Release;
		};
/* End XCBuildConfiguration section */

/* Begin XCConfigurationList section */
		EAA2CC3513B1542400CE3236 /* Build configuration list for PBXProject "uicore" */ = {
			isa = XCConfigurationList;
			buildConfigurations = (
				EAA2CC3313B1542400CE3236 /* Debug */,
				EAA2CC3413B1542400CE3236 /* Release */,
			);
			defaultConfigurationIsVisible = 0;
			defaultConfigurationName = Release;
		};
		EAA2CC3C13B1542400CE3236 /* Build configuration list for PBXLegacyTarget "uicore" */ = {
			isa = XCConfigurationList;
			buildConfigurations = (
				EAA2CC3D13B1542400CE3236 /* Debug */,
				EAA2CC3E13B1542400CE3236 /* Release */,
			);
			defaultConfigurationIsVisible = 0;
			defaultConfigurationName = Release;
		};
/* End XCConfigurationList section */
	};
	rootObject = EAA2CC3213B1542400CE3236 /* Project object */;
}
